
Microsoft Visual Studio Solution File, Format Version 12.00
# Visual Studio 15
VisualStudioVersion = 15.0.28307.572
MinimumVisualStudioVersion = 10.0.40219.1
Project("{FAE04EC0-301F-11D3-BF4B-00C04F79EFBC}") = "StudentExercisesMVC", "StudentExercisesMVC\StudentExercisesMVC.csproj", "{57084BB4-F61D-4C2E-BBDB-ED3FDBE7FEB7}"
EndProject
Global
	GlobalSection(SolutionConfigurationPlatforms) = preSolution
		Debug|Any CPU = Debug|Any CPU
		Release|Any CPU = Release|Any CPU
	EndGlobalSection
	GlobalSection(ProjectConfigurationPlatforms) = postSolution
		{57084BB4-F61D-4C2E-BBDB-ED3FDBE7FEB7}.Debug|Any CPU.ActiveCfg = Debug|Any CPU
		{57084BB4-F61D-4C2E-BBDB-ED3FDBE7FEB7}.Debug|Any CPU.Build.0 = Debug|Any CPU
		{57084BB4-F61D-4C2E-BBDB-ED3FDBE7FEB7}.Release|Any CPU.ActiveCfg = Release|Any CPU
		{57084BB4-F61D-4C2E-BBDB-ED3FDBE7FEB7}.Release|Any CPU.Build.0 = Release|Any CPU
	EndGlobalSection
	GlobalSection(SolutionProperties) = preSolution
		HideSolutionNode = FALSE
	EndGlobalSection
	GlobalSection(ExtensibilityGlobals) = postSolution
		SolutionGuid = {387349D9-813C-4536-A7AA-4A41B9D7B8A2}
	EndGlobalSection
EndGlobal
